
Microsoft Visual Studio Solution File, Format Version 12.00
# Visual Studio Version 17
VisualStudioVersion = 17.1.32210.238
MinimumVisualStudioVersion = 10.0.40219.1
Project("{FAE04EC0-301F-11D3-BF4B-00C04F79EFBC}") = "modul7_1302204068", "modul7_1302204068\modul7_1302204068.csproj", "{24A7983F-A5B0-4D34-ADC2-372EF71A043E}"
EndProject
Global
	GlobalSection(SolutionConfigurationPlatforms) = preSolution
		Debug|Any CPU = Debug|Any CPU
		Release|Any CPU = Release|Any CPU
	EndGlobalSection
	GlobalSection(ProjectConfigurationPlatforms) = postSolution
		{24A7983F-A5B0-4D34-ADC2-372EF71A043E}.Debug|Any CPU.ActiveCfg = Debug|Any CPU
		{24A7983F-A5B0-4D34-ADC2-372EF71A043E}.Debug|Any CPU.Build.0 = Debug|Any CPU
		{24A7983F-A5B0-4D34-ADC2-372EF71A043E}.Release|Any CPU.ActiveCfg = Release|Any CPU
		{24A7983F-A5B0-4D34-ADC2-372EF71A043E}.Release|Any CPU.Build.0 = Release|Any CPU
	EndGlobalSection
	GlobalSection(SolutionProperties) = preSolution
		HideSolutionNode = FALSE
	EndGlobalSection
	GlobalSection(ExtensibilityGlobals) = postSolution
		SolutionGuid = {ACF1CB67-7BB8-4CE8-953D-AE4602185D4D}
	EndGlobalSection
EndGlobal
